<?xml version="1.0" encoding="utf-8"?>
<Project ToolsVersion="4.0" xmlns="http://schemas.microsoft.com/developer/msbuild/2003">
  <ItemGroup>
    <Filter Include="Source Files">
      <UniqueIdentifier>{4FC737F1-C7A5-4376-A066-2A32D752A2FF}</UniqueIdentifier>
      <Extensions>cpp;c;cc;cxx;c++;cppm;ixx;def;odl;idl;hpj;bat;asm;asmx</Extensions>
    </Filter>
    <Filter Include="Header Files">
      <UniqueIdentifier>{93995380-89BD-4b04-88EB-625FBE52EBFB}</UniqueIdentifier>
      <Extensions>h;hh;hpp;hxx;h++;hm;inl;inc;ipp;xsd</Extensions>
    </Filter>
    <Filter Include="Resource Files">
      <UniqueIdentifier>{67DA6AB6-F800-4c08-8B7A-83BB121AAD01}</UniqueIdentifier>
      <Extensions>rc;ico;cur;bmp;dlg;rc2;rct;bin;rgs;gif;jpg;jpeg;jpe;resx;tiff;tif;png;wav;mfcribbon-ms</Extensions>
    </Filter>
    <Filter Include="Generated Files">
      <UniqueIdentifier>{83efe96b-bb4e-489c-9e39-853da8d999e2}</UniqueIdentifier>
      <SourceControlFiles>False</SourceControlFiles>
    </Filter>
  </ItemGroup>
  <ItemGroup>
    <ClInclude Include="framework.h">
      <Filter>Header Files</Filter>
    </ClInclude>
    <ClInclude Include="targetver.h">
      <Filter>Header Files</Filter>
    </ClInclude>
    <ClInclude Include="Resource.h">
      <Filter>Header Files</Filter>
    </ClInclude>
    <ClInclude Include="dllmain.h">
      <Filter>Header Files</Filter>
    </ClInclude>
    <ClInclude Include="WordAdvancedTools_i.h">
      <Filter>Generated Files</Filter>
    </ClInclude>
    <ClInclude Include="pch.h">
      <Filter>Header Files</Filter>
    </ClInclude>
    <ClInclude Include="Connect.h">
      <Filter>Header Files</Filter>
    </ClInclude>
    <ClInclude Include="RevisionSettingsDialog.h">
      <Filter>Header Files</Filter>
    </ClInclude>
    <ClInclude Include="RevisionMgr.h">
      <Filter>Header Files</Filter>
    </ClInclude>
    <ClInclude Include="BookmarkMgr.h">
      <Filter>Header Files</Filter>
    </ClInclude>
  </ItemGroup>
  <ItemGroup>
    <ClCompile Include="WordAdvancedTools.cpp">
      <Filter>Source Files</Filter>
    </ClCompile>
    <ClCompile Include="dllmain.cpp">
      <Filter>Source Files</Filter>
    </ClCompile>
    <ClCompile Include="WordAdvancedTools_i.c">
      <Filter>Generated Files</Filter>
    </ClCompile>
    <ClCompile Include="pch.cpp">
      <Filter>Source Files</Filter>
    </ClCompile>
    <ClCompile Include="Connect.cpp">
      <Filter>Source Files</Filter>
    </ClCompile>
    <ClCompile Include="RevisionSettingsDialog.cpp">
      <Filter>Source Files</Filter>
    </ClCompile>
  </ItemGroup>
  <ItemGroup>
    <ResourceCompile Include="WordAdvancedTools.rc">
      <Filter>Resource Files</Filter>
    </ResourceCompile>
  </ItemGroup>
  <ItemGroup>
    <None Include="WordAdvancedTools.rgs">
      <Filter>Resource Files</Filter>
    </None>
    <None Include="WordAdvancedTools.def">
      <Filter>Source Files</Filter>
    </None>
    <None Include="Connect.rgs">
      <Filter>Resource Files</Filter>
    </None>
  </ItemGroup>
  <ItemGroup>
    <Midl Include="WordAdvancedTools.idl">
      <Filter>Source Files</Filter>
    </Midl>
  </ItemGroup>
  <ItemGroup>
    <Xml Include="RibbonManifest.xml" />
  </ItemGroup>
  <ItemGroup>
    <Image Include="..\..\Users\v_0ver\Downloads\RevisionAdd.png">
      <Filter>Resource Files</Filter>
    </Image>
    <Image Include="..\..\Users\v_0ver\Desktop\RevisionPin.bmp">
      <Filter>Resource Files</Filter>
    </Image>
    <Image Include="Images\RevisionAdd.bmp">
      <Filter>Resource Files</Filter>
    </Image>
    <Image Include="..\..\users\v_0ver\desktop\bitmap3.bmp">
      <Filter>Resource Files</Filter>
    </Image>
    <Image Include="Images\png_ico\RevisionRemove.png">
      <Filter>Resource Files</Filter>
    </Image>
    <Image Include="Images\png_ico\RevisionPin.png">
      <Filter>Resource Files</Filter>
    </Image>
    <Image Include="Images\png_ico\Info.png">
      <Filter>Resource Files</Filter>
    </Image>
  </ItemGroup>
</Project>